// !$*UTF8*$!
{
	archiveVersion = 1;
	classes = {
	};
	objectVersion = 46;
	objects = {

/* Begin PBXBuildFile section */
		045E63461A034B7B0052CF3D /* Video.m in Sources */ = {isa = PBXBuildFile; fileRef = 045E63451A034B7B0052CF3D /* Video.m */; };
		04A2F54B1A03BC9500BAE413 /* MNXMLTableViewController.m in Sources */ = {isa = PBXBuildFile; fileRef = 04A2F54A1A03BC9500BAE413 /* MNXMLTableViewController.m */; };
		04FB74601A02AFCE00F03A2B /* main.m in Sources */ = {isa = PBXBuildFile; fileRef = 04FB745F1A02AFCE00F03A2B /* main.m */; };
		04FB74631A02AFCE00F03A2B /* AppDelegate.m in Sources */ = {isa = PBXBuildFile; fileRef = 04FB74621A02AFCE00F03A2B /* AppDelegate.m */; };
		04FB74661A02AFCE00F03A2B /* ViewController.m in Sources */ = {isa = PBXBuildFile; fileRef = 04FB74651A02AFCE00F03A2B /* ViewController.m */; };
		04FB74691A02AFCE00F03A2B /* Main.storyboard in Resources */ = {isa = PBXBuildFile; fileRef = 04FB74671A02AFCE00F03A2B /* Main.storyboard */; };
		04FB746B1A02AFCE00F03A2B /* Images.xcassets in Resources */ = {isa = PBXBuildFile; fileRef = 04FB746A1A02AFCE00F03A2B /* Images.xcassets */; };
		04FB74771A02AFCE00F03A2B /* _3_8_XML___Tests.m in Sources */ = {isa = PBXBuildFile; fileRef = 04FB74761A02AFCE00F03A2B /* _3_8_XML___Tests.m */; };
		04FC26971A07B9D600722F14 /* MKAnnotationView+WebCache.m in Sources */ = {isa = PBXBuildFile; fileRef = 04FC267B1A07B9D600722F14 /* MKAnnotationView+WebCache.m */; };
		04FC26981A07B9D600722F14 /* NSData+ImageContentType.m in Sources */ = {isa = PBXBuildFile; fileRef = 04FC267D1A07B9D600722F14 /* NSData+ImageContentType.m */; };
		04FC26991A07B9D600722F14 /* SDImageCache.m in Sources */ = {isa = PBXBuildFile; fileRef = 04FC267F1A07B9D600722F14 /* SDImageCache.m */; };
		04FC269A1A07B9D600722F14 /* SDWebImageCompat.m in Sources */ = {isa = PBXBuildFile; fileRef = 04FC26811A07B9D600722F14 /* SDWebImageCompat.m */; };
		04FC269B1A07B9D600722F14 /* SDWebImageDecoder.m in Sources */ = {isa = PBXBuildFile; fileRef = 04FC26831A07B9D600722F14 /* SDWebImageDecoder.m */; };
		04FC269C1A07B9D600722F14 /* SDWebImageDownloader.m in Sources */ = {isa = PBXBuildFile; fileRef = 04FC26851A07B9D600722F14 /* SDWebImageDownloader.m */; };
		04FC269D1A07B9D600722F14 /* SDWebImageDownloaderOperation.m in Sources */ = {isa = PBXBuildFile; fileRef = 04FC26871A07B9D600722F14 /* SDWebImageDownloaderOperation.m */; };
		04FC269E1A07B9D600722F14 /* SDWebImageManager.m in Sources */ = {isa = PBXBuildFile; fileRef = 04FC26891A07B9D600722F14 /* SDWebImageManager.m */; };
		04FC269F1A07B9D600722F14 /* SDWebImagePrefetcher.m in Sources */ = {isa = PBXBuildFile; fileRef = 04FC268C1A07B9D600722F14 /* SDWebImagePrefetcher.m */; };
		04FC26A01A07B9D600722F14 /* UIButton+WebCache.m in Sources */ = {isa = PBXBuildFile; fileRef = 04FC268E1A07B9D600722F14 /* UIButton+WebCache.m */; };
		04FC26A11A07B9D600722F14 /* UIImage+GIF.m in Sources */ = {isa = PBXBuildFile; fileRef = 04FC26901A07B9D600722F14 /* UIImage+GIF.m */; };
		04FC26A21A07B9D600722F14 /* UIImage+MultiFormat.m in Sources */ = {isa = PBXBuildFile; fileRef = 04FC26921A07B9D600722F14 /* UIImage+MultiFormat.m */; };
		04FC26A31A07B9D600722F14 /* UIImage+WebP.m in Sources */ = {isa = PBXBuildFile; fileRef = 04FC26941A07B9D600722F14 /* UIImage+WebP.m */; };
		04FC26A41A07B9D600722F14 /* UIImageView+WebCache.m in Sources */ = {isa = PBXBuildFile; fileRef = 04FC26961A07B9D600722F14 /* UIImageView+WebCache.m */; };
		AD188D341AF8FD34008E1BF9 /* HTMLNode.m in Sources */ = {isa = PBXBuildFile; fileRef = AD188D301AF8FD34008E1BF9 /* HTMLNode.m */; };
		AD188D351AF8FD34008E1BF9 /* HTMLParser.m in Sources */ = {isa = PBXBuildFile; fileRef = AD188D321AF8FD34008E1BF9 /* HTMLParser.m */; };
		AD188D361AF8FD34008E1BF9 /* README.md in Sources */ = {isa = PBXBuildFile; fileRef = AD188D331AF8FD34008E1BF9 /* README.md */; };
/* End PBXBuildFile section */

/* Begin PBXContainerItemProxy section */
		04FB74711A02AFCE00F03A2B /* PBXContainerItemProxy */ = {
			isa = PBXContainerItemProxy;
			containerPortal = 04FB74521A02AFCE00F03A2B /* Project object */;
			proxyType = 1;
			remoteGlobalIDString = 04FB74591A02AFCE00F03A2B;
			remoteInfo = "33.8-XML的解析";
		};
/* End PBXContainerItemProxy section */

/* Begin PBXFileReference section */
		045E63441A034B7B0052CF3D /* Video.h */ = {isa = PBXFileReference; fileEncoding = 4; lastKnownFileType = sourcecode.c.h; path = Video.h; sourceTree = "<group>"; };
		045E63451A034B7B0052CF3D /* Video.m */ = {isa = PBXFileReference; fileEncoding = 4; lastKnownFileType = sourcecode.c.objc; path = Video.m; sourceTree = "<group>"; };
		04A2F5491A03BC9500BAE413 /* MNXMLTableViewController.h */ = {isa = PBXFileReference; fileEncoding = 4; lastKnownFileType = sourcecode.c.h; path = MNXMLTableViewController.h; sourceTree = "<group>"; };
		04A2F54A1A03BC9500BAE413 /* MNXMLTableViewController.m */ = {isa = PBXFileReference; fileEncoding = 4; lastKnownFileType = sourcecode.c.objc; path = MNXMLTableViewController.m; sourceTree = "<group>"; };
		04FB745A1A02AFCE00F03A2B /* 33.8-XML的解析.app */ = {isa = PBXFileReference; explicitFileType = wrapper.application; includeInIndex = 0; path = "33.8-XML的解析.app"; sourceTree = BUILT_PRODUCTS_DIR; };
		04FB745E1A02AFCE00F03A2B /* Info.plist */ = {isa = PBXFileReference; lastKnownFileType = text.plist.xml; path = Info.plist; sourceTree = "<group>"; };
		04FB745F1A02AFCE00F03A2B /* main.m */ = {isa = PBXFileReference; lastKnownFileType = sourcecode.c.objc; path = main.m; sourceTree = "<group>"; };
		04FB74611A02AFCE00F03A2B /* AppDelegate.h */ = {isa = PBXFileReference; lastKnownFileType = sourcecode.c.h; path = AppDelegate.h; sourceTree = "<group>"; };
		04FB74621A02AFCE00F03A2B /* AppDelegate.m */ = {isa = PBXFileReference; lastKnownFileType = sourcecode.c.objc; path = AppDelegate.m; sourceTree = "<group>"; };
		04FB74641A02AFCE00F03A2B /* ViewController.h */ = {isa = PBXFileReference; lastKnownFileType = sourcecode.c.h; path = ViewController.h; sourceTree = "<group>"; };
		04FB74651A02AFCE00F03A2B /* ViewController.m */ = {isa = PBXFileReference; lastKnownFileType = sourcecode.c.objc; path = ViewController.m; sourceTree = "<group>"; };
		04FB74681A02AFCE00F03A2B /* Base */ = {isa = PBXFileReference; lastKnownFileType = file.storyboard; name = Base; path = Base.lproj/Main.storyboard; sourceTree = "<group>"; };
		04FB746A1A02AFCE00F03A2B /* Images.xcassets */ = {isa = PBXFileReference; lastKnownFileType = folder.assetcatalog; path = Images.xcassets; sourceTree = "<group>"; };
		04FB74701A02AFCE00F03A2B /* 33.8-XML的解析Tests.xctest */ = {isa = PBXFileReference; explicitFileType = wrapper.cfbundle; includeInIndex = 0; path = "33.8-XML的解析Tests.xctest"; sourceTree = BUILT_PRODUCTS_DIR; };
		04FB74751A02AFCE00F03A2B /* Info.plist */ = {isa = PBXFileReference; lastKnownFileType = text.plist.xml; path = Info.plist; sourceTree = "<group>"; };
		04FB74761A02AFCE00F03A2B /* _3_8_XML___Tests.m */ = {isa = PBXFileReference; lastKnownFileType = sourcecode.c.objc; path = "_3_8_XML___Tests.m"; sourceTree = "<group>"; };
		04FC267A1A07B9D600722F14 /* MKAnnotationView+WebCache.h */ = {isa = PBXFileReference; fileEncoding = 4; lastKnownFileType = sourcecode.c.h; path = "MKAnnotationView+WebCache.h"; sourceTree = "<group>"; };
		04FC267B1A07B9D600722F14 /* MKAnnotationView+WebCache.m */ = {isa = PBXFileReference; fileEncoding = 4; lastKnownFileType = sourcecode.c.objc; path = "MKAnnotationView+WebCache.m"; sourceTree = "<group>"; };
		04FC267C1A07B9D600722F14 /* NSData+ImageContentType.h */ = {isa = PBXFileReference; fileEncoding = 4; lastKnownFileType = sourcecode.c.h; path = "NSData+ImageContentType.h"; sourceTree = "<group>"; };
		04FC267D1A07B9D600722F14 /* NSData+ImageContentType.m */ = {isa = PBXFileReference; fileEncoding = 4; lastKnownFileType = sourcecode.c.objc; path = "NSData+ImageContentType.m"; sourceTree = "<group>"; };
		04FC267E1A07B9D600722F14 /* SDImageCache.h */ = {isa = PBXFileReference; fileEncoding = 4; lastKnownFileType = sourcecode.c.h; path = SDImageCache.h; sourceTree = "<group>"; };
		04FC267F1A07B9D600722F14 /* SDImageCache.m */ = {isa = PBXFileReference; fileEncoding = 4; lastKnownFileType = sourcecode.c.objc; path = SDImageCache.m; sourceTree = "<group>"; };
		04FC26801A07B9D600722F14 /* SDWebImageCompat.h */ = {isa = PBXFileReference; fileEncoding = 4; lastKnownFileType = sourcecode.c.h; path = SDWebImageCompat.h; sourceTree = "<group>"; };
		04FC26811A07B9D600722F14 /* SDWebImageCompat.m */ = {isa = PBXFileReference; fileEncoding = 4; lastKnownFileType = sourcecode.c.objc; path = SDWebImageCompat.m; sourceTree = "<group>"; };
		04FC26821A07B9D600722F14 /* SDWebImageDecoder.h */ = {isa = PBXFileReference; fileEncoding = 4; lastKnownFileType = sourcecode.c.h; path = SDWebImageDecoder.h; sourceTree = "<group>"; };
		04FC26831A07B9D600722F14 /* SDWebImageDecoder.m */ = {isa = PBXFileReference; fileEncoding = 4; lastKnownFileType = sourcecode.c.objc; path = SDWebImageDecoder.m; sourceTree = "<group>"; };
		04FC26841A07B9D600722F14 /* SDWebImageDownloader.h */ = {isa = PBXFileReference; fileEncoding = 4; lastKnownFileType = sourcecode.c.h; path = SDWebImageDownloader.h; sourceTree = "<group>"; };
		04FC26851A07B9D600722F14 /* SDWebImageDownloader.m */ = {isa = PBXFileReference; fileEncoding = 4; lastKnownFileType = sourcecode.c.objc; path = SDWebImageDownloader.m; sourceTree = "<group>"; };
		04FC26861A07B9D600722F14 /* SDWebImageDownloaderOperation.h */ = {isa = PBXFileReference; fileEncoding = 4; lastKnownFileType = sourcecode.c.h; path = SDWebImageDownloaderOperation.h; sourceTree = "<group>"; };
		04FC26871A07B9D600722F14 /* SDWebImageDownloaderOperation.m */ = {isa = PBXFileReference; fileEncoding = 4; lastKnownFileType = sourcecode.c.objc; path = SDWebImageDownloaderOperation.m; sourceTree = "<group>"; };
		04FC26881A07B9D600722F14 /* SDWebImageManager.h */ = {isa = PBXFileReference; fileEncoding = 4; lastKnownFileType = sourcecode.c.h; path = SDWebImageManager.h; sourceTree = "<group>"; };
		04FC26891A07B9D600722F14 /* SDWebImageManager.m */ = {isa = PBXFileReference; fileEncoding = 4; lastKnownFileType = sourcecode.c.objc; path = SDWebImageManager.m; sourceTree = "<group>"; };
		04FC268A1A07B9D600722F14 /* SDWebImageOperation.h */ = {isa = PBXFileReference; fileEncoding = 4; lastKnownFileType = sourcecode.c.h; path = SDWebImageOperation.h; sourceTree = "<group>"; };
		04FC268B1A07B9D600722F14 /* SDWebImagePrefetcher.h */ = {isa = PBXFileReference; fileEncoding = 4; lastKnownFileType = sourcecode.c.h; path = SDWebImagePrefetcher.h; sourceTree = "<group>"; };
		04FC268C1A07B9D600722F14 /* SDWebImagePrefetcher.m */ = {isa = PBXFileReference; fileEncoding = 4; lastKnownFileType = sourcecode.c.objc; path = SDWebImagePrefetcher.m; sourceTree = "<group>"; };
		04FC268D1A07B9D600722F14 /* UIButton+WebCache.h */ = {isa = PBXFileReference; fileEncoding = 4; lastKnownFileType = sourcecode.c.h; path = "UIButton+WebCache.h"; sourceTree = "<group>"; };
		04FC268E1A07B9D600722F14 /* UIButton+WebCache.m */ = {isa = PBXFileReference; fileEncoding = 4; lastKnownFileType = sourcecode.c.objc; path = "UIButton+WebCache.m"; sourceTree = "<group>"; };
		04FC268F1A07B9D600722F14 /* UIImage+GIF.h */ = {isa = PBXFileReference; fileEncoding = 4; lastKnownFileType = sourcecode.c.h; path = "UIImage+GIF.h"; sourceTree = "<group>"; };
		04FC26901A07B9D600722F14 /* UIImage+GIF.m */ = {isa = PBXFileReference; fileEncoding = 4; lastKnownFileType = sourcecode.c.objc; path = "UIImage+GIF.m"; sourceTree = "<group>"; };
		04FC26911A07B9D600722F14 /* UIImage+MultiFormat.h */ = {isa = PBXFileReference; fileEncoding = 4; lastKnownFileType = sourcecode.c.h; path = "UIImage+MultiFormat.h"; sourceTree = "<group>"; };
		04FC26921A07B9D600722F14 /* UIImage+MultiFormat.m */ = {isa = PBXFileReference; fileEncoding = 4; lastKnownFileType = sourcecode.c.objc; path = "UIImage+MultiFormat.m"; sourceTree = "<group>"; };
		04FC26931A07B9D600722F14 /* UIImage+WebP.h */ = {isa = PBXFileReference; fileEncoding = 4; lastKnownFileType = sourcecode.c.h; path = "UIImage+WebP.h"; sourceTree = "<group>"; };
		04FC26941A07B9D600722F14 /* UIImage+WebP.m */ = {isa = PBXFileReference; fileEncoding = 4; lastKnownFileType = sourcecode.c.objc; path = "UIImage+WebP.m"; sourceTree = "<group>"; };
		04FC26951A07B9D600722F14 /* UIImageView+WebCache.h */ = {isa = PBXFileReference; fileEncoding = 4; lastKnownFileType = sourcecode.c.h; path = "UIImageView+WebCache.h"; sourceTree = "<group>"; };
		04FC26961A07B9D600722F14 /* UIImageView+WebCache.m */ = {isa = PBXFileReference; fileEncoding = 4; lastKnownFileType = sourcecode.c.objc; path = "UIImageView+WebCache.m"; sourceTree = "<group>"; };
		AD188D2F1AF8FD34008E1BF9 /* HTMLNode.h */ = {isa = PBXFileReference; fileEncoding = 4; lastKnownFileType = sourcecode.c.h; path = HTMLNode.h; sourceTree = "<group>"; };
		AD188D301AF8FD34008E1BF9 /* HTMLNode.m */ = {isa = PBXFileReference; fileEncoding = 4; lastKnownFileType = sourcecode.c.objc; path = HTMLNode.m; sourceTree = "<group>"; };
		AD188D311AF8FD34008E1BF9 /* HTMLParser.h */ = {isa = PBXFileReference; fileEncoding = 4; lastKnownFileType = sourcecode.c.h; path = HTMLParser.h; sourceTree = "<group>"; };
		AD188D321AF8FD34008E1BF9 /* HTMLParser.m */ = {isa = PBXFileReference; fileEncoding = 4; lastKnownFileType = sourcecode.c.objc; path = HTMLParser.m; sourceTree = "<group>"; };
		AD188D331AF8FD34008E1BF9 /* README.md */ = {isa = PBXFileReference; fileEncoding = 4; lastKnownFileType = net.daringfireball.markdown; path = README.md; sourceTree = "<group>"; };
/* End PBXFileReference section */

/* Begin PBXFrameworksBuildPhase section */
		04FB74571A02AFCE00F03A2B /* Frameworks */ = {
			isa = PBXFrameworksBuildPhase;
			buildActionMask = 2147483647;
			files = (
			);
			runOnlyForDeploymentPostprocessing = 0;
		};
		04FB746D1A02AFCE00F03A2B /* Frameworks */ = {
			isa = PBXFrameworksBuildPhase;
			buildActionMask = 2147483647;
			files = (
			);
			runOnlyForDeploymentPostprocessing = 0;
		};
/* End PBXFrameworksBuildPhase section */

/* Begin PBXGroup section */
		045E63431A034B620052CF3D /* Model */ = {
			isa = PBXGroup;
			children = (
				045E63441A034B7B0052CF3D /* Video.h */,
				045E63451A034B7B0052CF3D /* Video.m */,
			);
			name = Model;
			sourceTree = "<group>";
		};
		04FB74511A02AFCE00F03A2B = {
			isa = PBXGroup;
			children = (
				04FB745C1A02AFCE00F03A2B /* 33.8-XML的解析 */,
				04FB74731A02AFCE00F03A2B /* 33.8-XML的解析Tests */,
				04FB745B1A02AFCE00F03A2B /* Products */,
			);
			sourceTree = "<group>";
		};
		04FB745B1A02AFCE00F03A2B /* Products */ = {
			isa = PBXGroup;
			children = (
				04FB745A1A02AFCE00F03A2B /* 33.8-XML的解析.app */,
				04FB74701A02AFCE00F03A2B /* 33.8-XML的解析Tests.xctest */,
			);
			name = Products;
			sourceTree = "<group>";
		};
		04FB745C1A02AFCE00F03A2B /* 33.8-XML的解析 */ = {
			isa = PBXGroup;
			children = (
				04FC26A51A07B9DD00722F14 /* Lib */,
				045E63431A034B620052CF3D /* Model */,
				04FB74611A02AFCE00F03A2B /* AppDelegate.h */,
				04FB74621A02AFCE00F03A2B /* AppDelegate.m */,
				04A2F5491A03BC9500BAE413 /* MNXMLTableViewController.h */,
				04A2F54A1A03BC9500BAE413 /* MNXMLTableViewController.m */,
				04FB74641A02AFCE00F03A2B /* ViewController.h */,
				04FB74651A02AFCE00F03A2B /* ViewController.m */,
				04FB74671A02AFCE00F03A2B /* Main.storyboard */,
				04FB746A1A02AFCE00F03A2B /* Images.xcassets */,
				AD188D2E1AF8FD34008E1BF9 /* Objective-C-HMTL-Parser-master */,
				04FB745D1A02AFCE00F03A2B /* Supporting Files */,
			);
			path = "33.8-XML的解析";
			sourceTree = "<group>";
		};
		04FB745D1A02AFCE00F03A2B /* Supporting Files */ = {
			isa = PBXGroup;
			children = (
				04FB745E1A02AFCE00F03A2B /* Info.plist */,
				04FB745F1A02AFCE00F03A2B /* main.m */,
			);
			name = "Supporting Files";
			sourceTree = "<group>";
		};
		04FB74731A02AFCE00F03A2B /* 33.8-XML的解析Tests */ = {
			isa = PBXGroup;
			children = (
				04FB74761A02AFCE00F03A2B /* _3_8_XML___Tests.m */,
				04FB74741A02AFCE00F03A2B /* Supporting Files */,
			);
			path = "33.8-XML的解析Tests";
			sourceTree = "<group>";
		};
		04FB74741A02AFCE00F03A2B /* Supporting Files */ = {
			isa = PBXGroup;
			children = (
				04FB74751A02AFCE00F03A2B /* Info.plist */,
			);
			name = "Supporting Files";
			sourceTree = "<group>";
		};
		04FC26791A07B9D600722F14 /* SDWebImage */ = {
			isa = PBXGroup;
			children = (
				04FC267A1A07B9D600722F14 /* MKAnnotationView+WebCache.h */,
				04FC267B1A07B9D600722F14 /* MKAnnotationView+WebCache.m */,
				04FC267C1A07B9D600722F14 /* NSData+ImageContentType.h */,
				04FC267D1A07B9D600722F14 /* NSData+ImageContentType.m */,
				04FC267E1A07B9D600722F14 /* SDImageCache.h */,
				04FC267F1A07B9D600722F14 /* SDImageCache.m */,
				04FC26801A07B9D600722F14 /* SDWebImageCompat.h */,
				04FC26811A07B9D600722F14 /* SDWebImageCompat.m */,
				04FC26821A07B9D600722F14 /* SDWebImageDecoder.h */,
				04FC26831A07B9D600722F14 /* SDWebImageDecoder.m */,
				04FC26841A07B9D600722F14 /* SDWebImageDownloader.h */,
				04FC26851A07B9D600722F14 /* SDWebImageDownloader.m */,
				04FC26861A07B9D600722F14 /* SDWebImageDownloaderOperation.h */,
				04FC26871A07B9D600722F14 /* SDWebImageDownloaderOperation.m */,
				04FC26881A07B9D600722F14 /* SDWebImageManager.h */,
				04FC26891A07B9D600722F14 /* SDWebImageManager.m */,
				04FC268A1A07B9D600722F14 /* SDWebImageOperation.h */,
				04FC268B1A07B9D600722F14 /* SDWebImagePrefetcher.h */,
				04FC268C1A07B9D600722F14 /* SDWebImagePrefetcher.m */,
				04FC268D1A07B9D600722F14 /* UIButton+WebCache.h */,
				04FC268E1A07B9D600722F14 /* UIButton+WebCache.m */,
				04FC268F1A07B9D600722F14 /* UIImage+GIF.h */,
				04FC26901A07B9D600722F14 /* UIImage+GIF.m */,
				04FC26911A07B9D600722F14 /* UIImage+MultiFormat.h */,
				04FC26921A07B9D600722F14 /* UIImage+MultiFormat.m */,
				04FC26931A07B9D600722F14 /* UIImage+WebP.h */,
				04FC26941A07B9D600722F14 /* UIImage+WebP.m */,
				04FC26951A07B9D600722F14 /* UIImageView+WebCache.h */,
				04FC26961A07B9D600722F14 /* UIImageView+WebCache.m */,
			);
			path = SDWebImage;
			sourceTree = "<group>";
		};
		04FC26A51A07B9DD00722F14 /* Lib */ = {
			isa = PBXGroup;
			children = (
				04FC26791A07B9D600722F14 /* SDWebImage */,
			);
			name = Lib;
			sourceTree = "<group>";
		};
		AD188D2E1AF8FD34008E1BF9 /* Objective-C-HMTL-Parser-master */ = {
			isa = PBXGroup;
			children = (
				AD188D2F1AF8FD34008E1BF9 /* HTMLNode.h */,
				AD188D301AF8FD34008E1BF9 /* HTMLNode.m */,
				AD188D311AF8FD34008E1BF9 /* HTMLParser.h */,
				AD188D321AF8FD34008E1BF9 /* HTMLParser.m */,
				AD188D331AF8FD34008E1BF9 /* README.md */,
			);
			path = "Objective-C-HMTL-Parser-master";
			sourceTree = "<group>";
		};
/* End PBXGroup section */

/* Begin PBXNativeTarget section */
		04FB74591A02AFCE00F03A2B /* 33.8-XML的解析 */ = {
			isa = PBXNativeTarget;
			buildConfigurationList = 04FB747A1A02AFCE00F03A2B /* Build configuration list for PBXNativeTarget "33.8-XML的解析" */;
			buildPhases = (
				04FB74561A02AFCE00F03A2B /* Sources */,
				04FB74571A02AFCE00F03A2B /* Frameworks */,
				04FB74581A02AFCE00F03A2B /* Resources */,
			);
			buildRules = (
			);
			dependencies = (
			);
			name = "33.8-XML的解析";
			productName = "33.8-XML的解析";
			productReference = 04FB745A1A02AFCE00F03A2B /* 33.8-XML的解析.app */;
			productType = "com.apple.product-type.application";
		};
		04FB746F1A02AFCE00F03A2B /* 33.8-XML的解析Tests */ = {
			isa = PBXNativeTarget;
			buildConfigurationList = 04FB747D1A02AFCE00F03A2B /* Build configuration list for PBXNativeTarget "33.8-XML的解析Tests" */;
			buildPhases = (
				04FB746C1A02AFCE00F03A2B /* Sources */,
				04FB746D1A02AFCE00F03A2B /* Frameworks */,
				04FB746E1A02AFCE00F03A2B /* Resources */,
			);
			buildRules = (
			);
			dependencies = (
				04FB74721A02AFCE00F03A2B /* PBXTargetDependency */,
			);
			name = "33.8-XML的解析Tests";
			productName = "33.8-XML的解析Tests";
			productReference = 04FB74701A02AFCE00F03A2B /* 33.8-XML的解析Tests.xctest */;
			productType = "com.apple.product-type.bundle.unit-test";
		};
/* End PBXNativeTarget section */

/* Begin PBXProject section */
		04FB74521A02AFCE00F03A2B /* Project object */ = {
			isa = PBXProject;
			attributes = {
				LastUpgradeCheck = 0600;
				ORGANIZATIONNAME = MN;
				TargetAttributes = {
					04FB74591A02AFCE00F03A2B = {
						CreatedOnToolsVersion = 6.0;
					};
					04FB746F1A02AFCE00F03A2B = {
						CreatedOnToolsVersion = 6.0;
						TestTargetID = 04FB74591A02AFCE00F03A2B;
					};
				};
			};
			buildConfigurationList = 04FB74551A02AFCE00F03A2B /* Build configuration list for PBXProject "33.8-XML的解析" */;
			compatibilityVersion = "Xcode 3.2";
			developmentRegion = English;
			hasScannedForEncodings = 0;
			knownRegions = (
				en,
				Base,
			);
			mainGroup = 04FB74511A02AFCE00F03A2B;
			productRefGroup = 04FB745B1A02AFCE00F03A2B /* Products */;
			projectDirPath = "";
			projectRoot = "";
			targets = (
				04FB74591A02AFCE00F03A2B /* 33.8-XML的解析 */,
				04FB746F1A02AFCE00F03A2B /* 33.8-XML的解析Tests */,
			);
		};
/* End PBXProject section */

/* Begin PBXResourcesBuildPhase section */
		04FB74581A02AFCE00F03A2B /* Resources */ = {
			isa = PBXResourcesBuildPhase;
			buildActionMask = 2147483647;
			files = (
				04FB74691A02AFCE00F03A2B /* Main.storyboard in Resources */,
				04FB746B1A02AFCE00F03A2B /* Images.xcassets in Resources */,
			);
			runOnlyForDeploymentPostprocessing = 0;
		};
		04FB746E1A02AFCE00F03A2B /* Resources */ = {
			isa = PBXResourcesBuildPhase;
			buildActionMask = 2147483647;
			files = (
			);
			runOnlyForDeploymentPostprocessing = 0;
		};
/* End PBXResourcesBuildPhase section */

/* Begin PBXSourcesBuildPhase section */
		04FB74561A02AFCE00F03A2B /* Sources */ = {
			isa = PBXSourcesBuildPhase;
			buildActionMask = 2147483647;
			files = (
				AD188D341AF8FD34008E1BF9 /* HTMLNode.m in Sources */,
				04FB74661A02AFCE00F03A2B /* ViewController.m in Sources */,
				04FC26A31A07B9D600722F14 /* UIImage+WebP.m in Sources */,
				04FC269F1A07B9D600722F14 /* SDWebImagePrefetcher.m in Sources */,
				045E63461A034B7B0052CF3D /* Video.m in Sources */,
				04FC269B1A07B9D600722F14 /* SDWebImageDecoder.m in Sources */,
				04FC269C1A07B9D600722F14 /* SDWebImageDownloader.m in Sources */,
				04A2F54B1A03BC9500BAE413 /* MNXMLTableViewController.m in Sources */,
				04FC269E1A07B9D600722F14 /* SDWebImageManager.m in Sources */,
				04FC26A01A07B9D600722F14 /* UIButton+WebCache.m in Sources */,
				04FC26A21A07B9D600722F14 /* UIImage+MultiFormat.m in Sources */,
				04FC26A41A07B9D600722F14 /* UIImageView+WebCache.m in Sources */,
				04FB74631A02AFCE00F03A2B /* AppDelegate.m in Sources */,
				04FC269D1A07B9D600722F14 /* SDWebImageDownloaderOperation.m in Sources */,
				04FC26A11A07B9D600722F14 /* UIImage+GIF.m in Sources */,
				04FC269A1A07B9D600722F14 /* SDWebImageCompat.m in Sources */,
				04FC26981A07B9D600722F14 /* NSData+ImageContentType.m in Sources */,
				04FB74601A02AFCE00F03A2B /* main.m in Sources */,
				04FC26971A07B9D600722F14 /* MKAnnotationView+WebCache.m in Sources */,
				AD188D351AF8FD34008E1BF9 /* HTMLParser.m in Sources */,
				AD188D361AF8FD34008E1BF9 /* README.md in Sources */,
				04FC26991A07B9D600722F14 /* SDImageCache.m in Sources */,
			);
			runOnlyForDeploymentPostprocessing = 0;
		};
		04FB746C1A02AFCE00F03A2B /* Sources */ = {
			isa = PBXSourcesBuildPhase;
			buildActionMask = 2147483647;
			files = (
				04FB74771A02AFCE00F03A2B /* _3_8_XML___Tests.m in Sources */,
			);
			runOnlyForDeploymentPostprocessing = 0;
		};
/* End PBXSourcesBuildPhase section */

/* Begin PBXTargetDependency section */
		04FB74721A02AFCE00F03A2B /* PBXTargetDependency */ = {
			isa = PBXTargetDependency;
			target = 04FB74591A02AFCE00F03A2B /* 33.8-XML的解析 */;
			targetProxy = 04FB74711A02AFCE00F03A2B /* PBXContainerItemProxy */;
		};
/* End PBXTargetDependency section */

/* Begin PBXVariantGroup section */
		04FB74671A02AFCE00F03A2B /* Main.storyboard */ = {
			isa = PBXVariantGroup;
			children = (
				04FB74681A02AFCE00F03A2B /* Base */,
			);
			name = Main.storyboard;
			sourceTree = "<group>";
		};
/* End PBXVariantGroup section */

/* Begin XCBuildConfiguration section */
		04FB74781A02AFCE00F03A2B /* Debug */ = {
			isa = XCBuildConfiguration;
			buildSettings = {
				ALWAYS_SEARCH_USER_PATHS = NO;
				CLANG_CXX_LANGUAGE_STANDARD = "gnu++0x";
				CLANG_CXX_LIBRARY = "libc++";
				CLANG_ENABLE_MODULES = YES;
				CLANG_ENABLE_OBJC_ARC = YES;
				CLANG_WARN_BOOL_CONVERSION = YES;
				CLANG_WARN_CONSTANT_CONVERSION = YES;
				CLANG_WARN_DIRECT_OBJC_ISA_USAGE = YES_ERROR;
				CLANG_WARN_EMPTY_BODY = YES;
				CLANG_WARN_ENUM_CONVERSION = YES;
				CLANG_WARN_INT_CONVERSION = YES;
				CLANG_WARN_OBJC_ROOT_CLASS = YES_ERROR;
				CLANG_WARN_UNREACHABLE_CODE = YES;
				CLANG_WARN__DUPLICATE_METHOD_MATCH = YES;
				"CODE_SIGN_IDENTITY[sdk=iphoneos*]" = "iPhone Developer";
				COPY_PHASE_STRIP = NO;
				ENABLE_STRICT_OBJC_MSGSEND = YES;
				GCC_C_LANGUAGE_STANDARD = gnu99;
				GCC_DYNAMIC_NO_PIC = NO;
				GCC_OPTIMIZATION_LEVEL = 0;
				GCC_PREPROCESSOR_DEFINITIONS = (
					"DEBUG=1",
					"$(inherited)",
				);
				GCC_SYMBOLS_PRIVATE_EXTERN = NO;
				GCC_WARN_64_TO_32_BIT_CONVERSION = YES;
				GCC_WARN_ABOUT_RETURN_TYPE = YES_ERROR;
				GCC_WARN_UNDECLARED_SELECTOR = YES;
				GCC_WARN_UNINITIALIZED_AUTOS = YES_AGGRESSIVE;
				GCC_WARN_UNUSED_FUNCTION = YES;
				GCC_WARN_UNUSED_VARIABLE = YES;
				IPHONEOS_DEPLOYMENT_TARGET = 8.0;
				MTL_ENABLE_DEBUG_INFO = YES;
				ONLY_ACTIVE_ARCH = YES;
				SDKROOT = iphoneos;
			};
			name = Debug;
		};
		04FB74791A02AFCE00F03A2B /* Release */ = {
			isa = XCBuildConfiguration;
			buildSettings = {
				ALWAYS_SEARCH_USER_PATHS = NO;
				CLANG_CXX_LANGUAGE_STANDARD = "gnu++0x";
				CLANG_CXX_LIBRARY = "libc++";
				CLANG_ENABLE_MODULES = YES;
				CLANG_ENABLE_OBJC_ARC = YES;
				CLANG_WARN_BOOL_CONVERSION = YES;
				CLANG_WARN_CONSTANT_CONVERSION = YES;
				CLANG_WARN_DIRECT_OBJC_ISA_USAGE = YES_ERROR;
				CLANG_WARN_EMPTY_BODY = YES;
				CLANG_WARN_ENUM_CONVERSION = YES;
				CLANG_WARN_INT_CONVERSION = YES;
				CLANG_WARN_OBJC_ROOT_CLASS = YES_ERROR;
				CLANG_WARN_UNREACHABLE_CODE = YES;
				CLANG_WARN__DUPLICATE_METHOD_MATCH = YES;
				"CODE_SIGN_IDENTITY[sdk=iphoneos*]" = "iPhone Developer";
				COPY_PHASE_STRIP = YES;
				ENABLE_NS_ASSERTIONS = NO;
				ENABLE_STRICT_OBJC_MSGSEND = YES;
				GCC_C_LANGUAGE_STANDARD = gnu99;
				GCC_WARN_64_TO_32_BIT_CONVERSION = YES;
				GCC_WARN_ABOUT_RETURN_TYPE = YES_ERROR;
				GCC_WARN_UNDECLARED_SELECTOR = YES;
				GCC_WARN_UNINITIALIZED_AUTOS = YES_AGGRESSIVE;
				GCC_WARN_UNUSED_FUNCTION = YES;
				GCC_WARN_UNUSED_VARIABLE = YES;
				IPHONEOS_DEPLOYMENT_TARGET = 8.0;
				MTL_ENABLE_DEBUG_INFO = NO;
				SDKROOT = iphoneos;
				VALIDATE_PRODUCT = YES;
			};
			name = Release;
		};
		04FB747B1A02AFCE00F03A2B /* Debug */ = {
			isa = XCBuildConfiguration;
			buildSettings = {
				ASSETCATALOG_COMPILER_APPICON_NAME = AppIcon;
				ASSETCATALOG_COMPILER_LAUNCHIMAGE_NAME = LaunchImage;
				INFOPLIST_FILE = "33.8-XML的解析/Info.plist";
				LD_RUNPATH_SEARCH_PATHS = "$(inherited) @executable_path/Frameworks";
				PRODUCT_NAME = "$(TARGET_NAME)";
			};
			name = Debug;
		};
		04FB747C1A02AFCE00F03A2B /* Release */ = {
			isa = XCBuildConfiguration;
			buildSettings = {
				ASSETCATALOG_COMPILER_APPICON_NAME = AppIcon;
				ASSETCATALOG_COMPILER_LAUNCHIMAGE_NAME = LaunchImage;
				INFOPLIST_FILE = "33.8-XML的解析/Info.plist";
				LD_RUNPATH_SEARCH_PATHS = "$(inherited) @executable_path/Frameworks";
				PRODUCT_NAME = "$(TARGET_NAME)";
			};
			name = Release;
		};
		04FB747E1A02AFCE00F03A2B /* Debug */ = {
			isa = XCBuildConfiguration;
			buildSettings = {
				BUNDLE_LOADER = "$(TEST_HOST)";
				FRAMEWORK_SEARCH_PATHS = (
					"$(SDKROOT)/Developer/Library/Frameworks",
					"$(inherited)",
				);
				GCC_PREPROCESSOR_DEFINITIONS = (
					"DEBUG=1",
					"$(inherited)",
				);
				INFOPLIST_FILE = "33.8-XML的解析Tests/Info.plist";
				LD_RUNPATH_SEARCH_PATHS = "$(inherited) @executable_path/Frameworks @loader_path/Frameworks";
				PRODUCT_NAME = "$(TARGET_NAME)";
				TEST_HOST = "$(BUILT_PRODUCTS_DIR)/33.8-XML的解析.app/33.8-XML的解析";
			};
			name = Debug;
		};
		04FB747F1A02AFCE00F03A2B /* Release */ = {
			isa = XCBuildConfiguration;
			buildSettings = {
				BUNDLE_LOADER = "$(TEST_HOST)";
				FRAMEWORK_SEARCH_PATHS = (
					"$(SDKROOT)/Developer/Library/Frameworks",
					"$(inherited)",
				);
				INFOPLIST_FILE = "33.8-XML的解析Tests/Info.plist";
				LD_RUNPATH_SEARCH_PATHS = "$(inherited) @executable_path/Frameworks @loader_path/Frameworks";
				PRODUCT_NAME = "$(TARGET_NAME)";
				TEST_HOST = "$(BUILT_PRODUCTS_DIR)/33.8-XML的解析.app/33.8-XML的解析";
			};
			name = Release;
		};
/* End XCBuildConfiguration section */

/* Begin XCConfigurationList section */
		04FB74551A02AFCE00F03A2B /* Build configuration list for PBXProject "33.8-XML的解析" */ = {
			isa = XCConfigurationList;
			buildConfigurations = (
				04FB74781A02AFCE00F03A2B /* Debug */,
				04FB74791A02AFCE00F03A2B /* Release */,
			);
			defaultConfigurationIsVisible = 0;
			defaultConfigurationName = Release;
		};
		04FB747A1A02AFCE00F03A2B /* Build configuration list for PBXNativeTarget "33.8-XML的解析" */ = {
			isa = XCConfigurationList;
			buildConfigurations = (
				04FB747B1A02AFCE00F03A2B /* Debug */,
				04FB747C1A02AFCE00F03A2B /* Release */,
			);
			defaultConfigurationIsVisible = 0;
			defaultConfigurationName = Release;
		};
		04FB747D1A02AFCE00F03A2B /* Build configuration list for PBXNativeTarget "33.8-XML的解析Tests" */ = {
			isa = XCConfigurationList;
			buildConfigurations = (
				04FB747E1A02AFCE00F03A2B /* Debug */,
				04FB747F1A02AFCE00F03A2B /* Release */,
			);
			defaultConfigurationIsVisible = 0;
			defaultConfigurationName = Release;
		};
/* End XCConfigurationList section */
	};
	rootObject = 04FB74521A02AFCE00F03A2B /* Project object */;
}
